
Microsoft Visual Studio Solution File, Format Version 12.00
# Visual Studio 15
VisualStudioVersion = 15.0.27703.2035
MinimumVisualStudioVersion = 10.0.40219.1
Project("{FAE04EC0-301F-11D3-BF4B-00C04F79EFBC}") = "Actio.Api", "Actio.Api\Actio.Api.csproj", "{074CFFED-CAB0-428B-808D-400F7CA5B5AF}"
EndProject
Project("{FAE04EC0-301F-11D3-BF4B-00C04F79EFBC}") = "Actio.Services.Identity", "Actio.Services.Identity\Actio.Services.Identity.csproj", "{6666F7C2-C757-4F80-88B9-534B4A94453A}"
EndProject
Project("{FAE04EC0-301F-11D3-BF4B-00C04F79EFBC}") = "Actio.Services.Activities", "Actio.Services.Activities\Actio.Services.Activities.csproj", "{FAF33C8F-C659-4B76-94D0-2FECC4CF2A3B}"
EndProject
Project("{FAE04EC0-301F-11D3-BF4B-00C04F79EFBC}") = "Actio.Common", "Actio.Common\Actio.Common.csproj", "{7EFC1E6A-AFBA-4F83-B11A-25D9B9974605}"
EndProject
Global
	GlobalSection(SolutionConfigurationPlatforms) = preSolution
		Debug|Any CPU = Debug|Any CPU
		Release|Any CPU = Release|Any CPU
	EndGlobalSection
	GlobalSection(ProjectConfigurationPlatforms) = postSolution
		{074CFFED-CAB0-428B-808D-400F7CA5B5AF}.Debug|Any CPU.ActiveCfg = Debug|Any CPU
		{074CFFED-CAB0-428B-808D-400F7CA5B5AF}.Debug|Any CPU.Build.0 = Debug|Any CPU
		{074CFFED-CAB0-428B-808D-400F7CA5B5AF}.Release|Any CPU.ActiveCfg = Release|Any CPU
		{074CFFED-CAB0-428B-808D-400F7CA5B5AF}.Release|Any CPU.Build.0 = Release|Any CPU
		{6666F7C2-C757-4F80-88B9-534B4A94453A}.Debug|Any CPU.ActiveCfg = Debug|Any CPU
		{6666F7C2-C757-4F80-88B9-534B4A94453A}.Debug|Any CPU.Build.0 = Debug|Any CPU
		{6666F7C2-C757-4F80-88B9-534B4A94453A}.Release|Any CPU.ActiveCfg = Release|Any CPU
		{6666F7C2-C757-4F80-88B9-534B4A94453A}.Release|Any CPU.Build.0 = Release|Any CPU
		{FAF33C8F-C659-4B76-94D0-2FECC4CF2A3B}.Debug|Any CPU.ActiveCfg = Debug|Any CPU
		{FAF33C8F-C659-4B76-94D0-2FECC4CF2A3B}.Debug|Any CPU.Build.0 = Debug|Any CPU
		{FAF33C8F-C659-4B76-94D0-2FECC4CF2A3B}.Release|Any CPU.ActiveCfg = Release|Any CPU
		{FAF33C8F-C659-4B76-94D0-2FECC4CF2A3B}.Release|Any CPU.Build.0 = Release|Any CPU
		{7EFC1E6A-AFBA-4F83-B11A-25D9B9974605}.Debug|Any CPU.ActiveCfg = Debug|Any CPU
		{7EFC1E6A-AFBA-4F83-B11A-25D9B9974605}.Debug|Any CPU.Build.0 = Debug|Any CPU
		{7EFC1E6A-AFBA-4F83-B11A-25D9B9974605}.Release|Any CPU.ActiveCfg = Release|Any CPU
		{7EFC1E6A-AFBA-4F83-B11A-25D9B9974605}.Release|Any CPU.Build.0 = Release|Any CPU
	EndGlobalSection
	GlobalSection(SolutionProperties) = preSolution
		HideSolutionNode = FALSE
	EndGlobalSection
	GlobalSection(ExtensibilityGlobals) = postSolution
		SolutionGuid = {7CCD503B-DD39-4A86-8FEB-07B5773889EE}
	EndGlobalSection
EndGlobal
